// !$*UTF8*$!
{
	archiveVersion = 1;
	classes = {
	};
	objectVersion = 48;
	objects = {

/* Begin PBXBuildFile section */
		16D5F20C1FB71FF800345691 /* AppDelegate.swift in Sources */ = {isa = PBXBuildFile; fileRef = 16D5F20B1FB71FF800345691 /* AppDelegate.swift */; };
		16D5F20E1FB71FF800345691 /* ViewController.swift in Sources */ = {isa = PBXBuildFile; fileRef = 16D5F20D1FB71FF800345691 /* ViewController.swift */; };
		16D5F2111FB71FF800345691 /* Main.storyboard in Resources */ = {isa = PBXBuildFile; fileRef = 16D5F20F1FB71FF800345691 /* Main.storyboard */; };
		16D5F2131FB71FF800345691 /* Assets.xcassets in Resources */ = {isa = PBXBuildFile; fileRef = 16D5F2121FB71FF800345691 /* Assets.xcassets */; };
		16D5F2161FB71FF800345691 /* LaunchScreen.storyboard in Resources */ = {isa = PBXBuildFile; fileRef = 16D5F2141FB71FF800345691 /* LaunchScreen.storyboard */; };
		16D5F21F1FB7203200345691 /* MSAlert.swift in Sources */ = {isa = PBXBuildFile; fileRef = 16D5F21E1FB7203200345691 /* MSAlert.swift */; };
		16D5F2211FB75A8900345691 /* sound.mp3 in Resources */ = {isa = PBXBuildFile; fileRef = 16D5F2201FB75A8900345691 /* sound.mp3 */; };
/* End PBXBuildFile section */

/* Begin PBXFileReference section */
		16D5F2081FB71FF800345691 /* MSAlert.app */ = {isa = PBXFileReference; explicitFileType = wrapper.application; includeInIndex = 0; path = MSAlert.app; sourceTree = BUILT_PRODUCTS_DIR; };
		16D5F20B1FB71FF800345691 /* AppDelegate.swift */ = {isa = PBXFileReference; lastKnownFileType = sourcecode.swift; path = AppDelegate.swift; sourceTree = "<group>"; };
		16D5F20D1FB71FF800345691 /* ViewController.swift */ = {isa = PBXFileReference; lastKnownFileType = sourcecode.swift; path = ViewController.swift; sourceTree = "<group>"; };
		16D5F2101FB71FF800345691 /* Base */ = {isa = PBXFileReference; lastKnownFileType = file.storyboard; name = Base; path = Base.lproj/Main.storyboard; sourceTree = "<group>"; };
		16D5F2121FB71FF800345691 /* Assets.xcassets */ = {isa = PBXFileReference; lastKnownFileType = folder.assetcatalog; path = Assets.xcassets; sourceTree = "<group>"; };
		16D5F2151FB71FF800345691 /* Base */ = {isa = PBXFileReference; lastKnownFileType = file.storyboard; name = Base; path = Base.lproj/LaunchScreen.storyboard; sourceTree = "<group>"; };
		16D5F2171FB71FF800345691 /* Info.plist */ = {isa = PBXFileReference; lastKnownFileType = text.plist.xml; path = Info.plist; sourceTree = "<group>"; };
		16D5F21E1FB7203200345691 /* MSAlert.swift */ = {isa = PBXFileReference; lastKnownFileType = sourcecode.swift; path = MSAlert.swift; sourceTree = "<group>"; };
		16D5F2201FB75A8900345691 /* sound.mp3 */ = {isa = PBXFileReference; lastKnownFileType = audio.mp3; path = sound.mp3; sourceTree = "<group>"; };
/* End PBXFileReference section */

/* Begin PBXFrameworksBuildPhase section */
		16D5F2051FB71FF800345691 /* Frameworks */ = {
			isa = PBXFrameworksBuildPhase;
			buildActionMask = 2147483647;
			files = (
			);
			runOnlyForDeploymentPostprocessing = 0;
		};
/* End PBXFrameworksBuildPhase section */

/* Begin PBXGroup section */
		16D5F1FF1FB71FF800345691 = {
			isa = PBXGroup;
			children = (
				16D5F20A1FB71FF800345691 /* MSAlert */,
				16D5F2091FB71FF800345691 /* Products */,
			);
			sourceTree = "<group>";
		};
		16D5F2091FB71FF800345691 /* Products */ = {
			isa = PBXGroup;
			children = (
				16D5F2081FB71FF800345691 /* MSAlert.app */,
			);
			name = Products;
			sourceTree = "<group>";
		};
		16D5F20A1FB71FF800345691 /* MSAlert */ = {
			isa = PBXGroup;
			children = (
				16D5F20F1FB71FF800345691 /* Main.storyboard */,
				16D5F2201FB75A8900345691 /* sound.mp3 */,
				16D5F20D1FB71FF800345691 /* ViewController.swift */,
				16D5F21E1FB7203200345691 /* MSAlert.swift */,
				16D5F21D1FB7200300345691 /* Supporting files */,
			);
			path = MSAlert;
			sourceTree = "<group>";
		};
		16D5F21D1FB7200300345691 /* Supporting files */ = {
			isa = PBXGroup;
			children = (
				16D5F20B1FB71FF800345691 /* AppDelegate.swift */,
				16D5F2121FB71FF800345691 /* Assets.xcassets */,
				16D5F2141FB71FF800345691 /* LaunchScreen.storyboard */,
				16D5F2171FB71FF800345691 /* Info.plist */,
			);
			path = "Supporting files";
			sourceTree = "<group>";
		};
/* End PBXGroup section */

/* Begin PBXNativeTarget section */
		16D5F2071FB71FF800345691 /* MSAlert */ = {
			isa = PBXNativeTarget;
			buildConfigurationList = 16D5F21A1FB71FF800345691 /* Build configuration list for PBXNativeTarget "MSAlert" */;
			buildPhases = (
				16D5F2041FB71FF800345691 /* Sources */,
				16D5F2051FB71FF800345691 /* Frameworks */,
				16D5F2061FB71FF800345691 /* Resources */,
			);
			buildRules = (
			);
			dependencies = (
			);
			name = MSAlert;
			productName = MSAlert;
			productReference = 16D5F2081FB71FF800345691 /* MSAlert.app */;
			productType = "com.apple.product-type.application";
		};
/* End PBXNativeTarget section */

/* Begin PBXProject section */
		16D5F2001FB71FF800345691 /* Project object */ = {
			isa = PBXProject;
			attributes = {
				LastSwiftUpdateCheck = 0910;
				LastUpgradeCheck = 0910;
				ORGANIZATIONNAME = "Maor Shamsian";
				TargetAttributes = {
					16D5F2071FB71FF800345691 = {
						CreatedOnToolsVersion = 9.1;
						ProvisioningStyle = Automatic;
					};
				};
			};
			buildConfigurationList = 16D5F2031FB71FF800345691 /* Build configuration list for PBXProject "MSAlert" */;
			compatibilityVersion = "Xcode 8.0";
			developmentRegion = en;
			hasScannedForEncodings = 0;
			knownRegions = (
				en,
				Base,
			);
			mainGroup = 16D5F1FF1FB71FF800345691;
			productRefGroup = 16D5F2091FB71FF800345691 /* Products */;
			projectDirPath = "";
			projectRoot = "";
			targets = (
				16D5F2071FB71FF800345691 /* MSAlert */,
			);
		};
/* End PBXProject section */

/* Begin PBXResourcesBuildPhase section */
		16D5F2061FB71FF800345691 /* Resources */ = {
			isa = PBXResourcesBuildPhase;
			buildActionMask = 2147483647;
			files = (
				16D5F2211FB75A8900345691 /* sound.mp3 in Resources */,
				16D5F2161FB71FF800345691 /* LaunchScreen.storyboard in Resources */,
				16D5F2131FB71FF800345691 /* Assets.xcassets in Resources */,
				16D5F2111FB71FF800345691 /* Main.storyboard in Resources */,
			);
			runOnlyForDeploymentPostprocessing = 0;
		};
/* End PBXResourcesBuildPhase section */

/* Begin PBXSourcesBuildPhase section */
		16D5F2041FB71FF800345691 /* Sources */ = {
			isa = PBXSourcesBuildPhase;
			buildActionMask = 2147483647;
			files = (
				16D5F20E1FB71FF800345691 /* ViewController.swift in Sources */,
				16D5F20C1FB71FF800345691 /* AppDelegate.swift in Sources */,
				16D5F21F1FB7203200345691 /* MSAlert.swift in Sources */,
			);
			runOnlyForDeploymentPostprocessing = 0;
		};
/* End PBXSourcesBuildPhase section */

/* Begin PBXVariantGroup section */
		16D5F20F1FB71FF800345691 /* Main.storyboard */ = {
			isa = PBXVariantGroup;
			children = (
				16D5F2101FB71FF800345691 /* Base */,
			);
			name = Main.storyboard;
			sourceTree = "<group>";
		};
		16D5F2141FB71FF800345691 /* LaunchScreen.storyboard */ = {
			isa = PBXVariantGroup;
			children = (
				16D5F2151FB71FF800345691 /* Base */,
			);
			name = LaunchScreen.storyboard;
			sourceTree = "<group>";
		};
/* End PBXVariantGroup section */

/* Begin XCBuildConfiguration section */
		16D5F2181FB71FF800345691 /* Debug */ = {
			isa = XCBuildConfiguration;
			buildSettings = {
				ALWAYS_SEARCH_USER_PATHS = NO;
				CLANG_ANALYZER_NONNULL = YES;
				CLANG_ANALYZER_NUMBER_OBJECT_CONVERSION = YES_AGGRESSIVE;
				CLANG_CXX_LANGUAGE_STANDARD = "gnu++14";
				CLANG_CXX_LIBRARY = "libc++";
				CLANG_ENABLE_MODULES = YES;
				CLANG_ENABLE_OBJC_ARC = YES;
				CLANG_WARN_BLOCK_CAPTURE_AUTORELEASING = YES;
				CLANG_WARN_BOOL_CONVERSION = YES;
				CLANG_WARN_COMMA = YES;
				CLANG_WARN_CONSTANT_CONVERSION = YES;
				CLANG_WARN_DIRECT_OBJC_ISA_USAGE = YES_ERROR;
				CLANG_WARN_DOCUMENTATION_COMMENTS = YES;
				CLANG_WARN_EMPTY_BODY = YES;
				CLANG_WARN_ENUM_CONVERSION = YES;
				CLANG_WARN_INFINITE_RECURSION = YES;
				CLANG_WARN_INT_CONVERSION = YES;
				CLANG_WARN_NON_LITERAL_NULL_CONVERSION = YES;
				CLANG_WARN_OBJC_LITERAL_CONVERSION = YES;
				CLANG_WARN_OBJC_ROOT_CLASS = YES_ERROR;
				CLANG_WARN_RANGE_LOOP_ANALYSIS = YES;
				CLANG_WARN_STRICT_PROTOTYPES = YES;
				CLANG_WARN_SUSPICIOUS_MOVE = YES;
				CLANG_WARN_UNGUARDED_AVAILABILITY = YES_AGGRESSIVE;
				CLANG_WARN_UNREACHABLE_CODE = YES;
				CLANG_WARN__DUPLICATE_METHOD_MATCH = YES;
				CODE_SIGN_IDENTITY = "iPhone Developer";
				COPY_PHASE_STRIP = NO;
				DEBUG_INFORMATION_FORMAT = dwarf;
				ENABLE_STRICT_OBJC_MSGSEND = YES;
				ENABLE_TESTABILITY = YES;
				GCC_C_LANGUAGE_STANDARD = gnu11;
				GCC_DYNAMIC_NO_PIC = NO;
				GCC_NO_COMMON_BLOCKS = YES;
				GCC_OPTIMIZATION_LEVEL = 0;
				GCC_PREPROCESSOR_DEFINITIONS = (
					"DEBUG=1",
					"$(inherited)",
				);
				GCC_WARN_64_TO_32_BIT_CONVERSION = YES;
				GCC_WARN_ABOUT_RETURN_TYPE = YES_ERROR;
				GCC_WARN_UNDECLARED_SELECTOR = YES;
				GCC_WARN_UNINITIALIZED_AUTOS = YES_AGGRESSIVE;
				GCC_WARN_UNUSED_FUNCTION = YES;
				GCC_WARN_UNUSED_VARIABLE = YES;
				IPHONEOS_DEPLOYMENT_TARGET = 11.1;
				MTL_ENABLE_DEBUG_INFO = YES;
				ONLY_ACTIVE_ARCH = YES;
				SDKROOT = iphoneos;
				SWIFT_ACTIVE_COMPILATION_CONDITIONS = DEBUG;
				SWIFT_OPTIMIZATION_LEVEL = "-Onone";
			};
			name = Debug;
		};
		16D5F2191FB71FF800345691 /* Release */ = {
			isa = XCBuildConfiguration;
			buildSettings = {
				ALWAYS_SEARCH_USER_PATHS = NO;
				CLANG_ANALYZER_NONNULL = YES;
				CLANG_ANALYZER_NUMBER_OBJECT_CONVERSION = YES_AGGRESSIVE;
				CLANG_CXX_LANGUAGE_STANDARD = "gnu++14";
				CLANG_CXX_LIBRARY = "libc++";
				CLANG_ENABLE_MODULES = YES;
				CLANG_ENABLE_OBJC_ARC = YES;
				CLANG_WARN_BLOCK_CAPTURE_AUTORELEASING = YES;
				CLANG_WARN_BOOL_CONVERSION = YES;
				CLANG_WARN_COMMA = YES;
				CLANG_WARN_CONSTANT_CONVERSION = YES;
				CLANG_WARN_DIRECT_OBJC_ISA_USAGE = YES_ERROR;
				CLANG_WARN_DOCUMENTATION_COMMENTS = YES;
				CLANG_WARN_EMPTY_BODY = YES;
				CLANG_WARN_ENUM_CONVERSION = YES;
				CLANG_WARN_INFINITE_RECURSION = YES;
				CLANG_WARN_INT_CONVERSION = YES;
				CLANG_WARN_NON_LITERAL_NULL_CONVERSION = YES;
				CLANG_WARN_OBJC_LITERAL_CONVERSION = YES;
				CLANG_WARN_OBJC_ROOT_CLASS = YES_ERROR;
				CLANG_WARN_RANGE_LOOP_ANALYSIS = YES;
				CLANG_WARN_STRICT_PROTOTYPES = YES;
				CLANG_WARN_SUSPICIOUS_MOVE = YES;
				CLANG_WARN_UNGUARDED_AVAILABILITY = YES_AGGRESSIVE;
				CLANG_WARN_UNREACHABLE_CODE = YES;
				CLANG_WARN__DUPLICATE_METHOD_MATCH = YES;
				CODE_SIGN_IDENTITY = "iPhone Developer";
				COPY_PHASE_STRIP = NO;
				DEBUG_INFORMATION_FORMAT = "dwarf-with-dsym";
				ENABLE_NS_ASSERTIONS = NO;
				ENABLE_STRICT_OBJC_MSGSEND = YES;
				GCC_C_LANGUAGE_STANDARD = gnu11;
				GCC_NO_COMMON_BLOCKS = YES;
				GCC_WARN_64_TO_32_BIT_CONVERSION = YES;
				GCC_WARN_ABOUT_RETURN_TYPE = YES_ERROR;
				GCC_WARN_UNDECLARED_SELECTOR = YES;
				GCC_WARN_UNINITIALIZED_AUTOS = YES_AGGRESSIVE;
				GCC_WARN_UNUSED_FUNCTION = YES;
				GCC_WARN_UNUSED_VARIABLE = YES;
				IPHONEOS_DEPLOYMENT_TARGET = 11.1;
				MTL_ENABLE_DEBUG_INFO = NO;
				SDKROOT = iphoneos;
				SWIFT_OPTIMIZATION_LEVEL = "-Owholemodule";
				VALIDATE_PRODUCT = YES;
			};
			name = Release;
		};
		16D5F21B1FB71FF800345691 /* Debug */ = {
			isa = XCBuildConfiguration;
			buildSettings = {
				ASSETCATALOG_COMPILER_APPICON_NAME = AppIcon;
				CODE_SIGN_STYLE = Automatic;
				DEVELOPMENT_TEAM = FPKJ9P7BGC;
				INFOPLIST_FILE = "$(SRCROOT)/MSAlert/Supporting files/Info.plist";
				IPHONEOS_DEPLOYMENT_TARGET = 9.0;
				LD_RUNPATH_SEARCH_PATHS = "$(inherited) @executable_path/Frameworks";
				PRODUCT_BUNDLE_IDENTIFIER = "Maor-Shamsian.MSAlert";
				PRODUCT_NAME = "$(TARGET_NAME)";
				SWIFT_VERSION = 4.0;
				TARGETED_DEVICE_FAMILY = "1,2";
			};
			name = Debug;
		};
		16D5F21C1FB71FF800345691 /* Release */ = {
			isa = XCBuildConfiguration;
			buildSettings = {
				ASSETCATALOG_COMPILER_APPICON_NAME = AppIcon;
				CODE_SIGN_STYLE = Automatic;
				DEVELOPMENT_TEAM = FPKJ9P7BGC;
				INFOPLIST_FILE = "$(SRCROOT)/MSAlert/Supporting files/Info.plist";
				IPHONEOS_DEPLOYMENT_TARGET = 9.0;
				LD_RUNPATH_SEARCH_PATHS = "$(inherited) @executable_path/Frameworks";
				PRODUCT_BUNDLE_IDENTIFIER = "Maor-Shamsian.MSAlert";
				PRODUCT_NAME = "$(TARGET_NAME)";
				SWIFT_VERSION = 4.0;
				TARGETED_DEVICE_FAMILY = "1,2";
			};
			name = Release;
		};
/* End XCBuildConfiguration section */

/* Begin XCConfigurationList section */
		16D5F2031FB71FF800345691 /* Build configuration list for PBXProject "MSAlert" */ = {
			isa = XCConfigurationList;
			buildConfigurations = (
				16D5F2181FB71FF800345691 /* Debug */,
				16D5F2191FB71FF800345691 /* Release */,
			);
			defaultConfigurationIsVisible = 0;
			defaultConfigurationName = Release;
		};
		16D5F21A1FB71FF800345691 /* Build configuration list for PBXNativeTarget "MSAlert" */ = {
			isa = XCConfigurationList;
			buildConfigurations = (
				16D5F21B1FB71FF800345691 /* Debug */,
				16D5F21C1FB71FF800345691 /* Release */,
			);
			defaultConfigurationIsVisible = 0;
			defaultConfigurationName = Release;
		};
/* End XCConfigurationList section */
	};
	rootObject = 16D5F2001FB71FF800345691 /* Project object */;
}
